// !$*UTF8*$!
{
	archiveVersion = 1;
	classes = {
	};
	objectVersion = 56;
	objects = {

/* Begin PBXBuildFile section */
		662C0BB72C91E2C8006E39C4 /* AppDelegate.swift in Sources */ = {isa = PBXBuildFile; fileRef = 662C0BB62C91E2C8006E39C4 /* AppDelegate.swift */; };
		662C0BB92C91E2C8006E39C4 /* SceneDelegate.swift in Sources */ = {isa = PBXBuildFile; fileRef = 662C0BB82C91E2C8006E39C4 /* SceneDelegate.swift */; };
		662C0BC02C91E2CA006E39C4 /* Assets.xcassets in Resources */ = {isa = PBXBuildFile; fileRef = 662C0BBF2C91E2CA006E39C4 /* Assets.xcassets */; };
		662C0BC32C91E2CA006E39C4 /* Base in Resources */ = {isa = PBXBuildFile; fileRef = 662C0BC22C91E2CA006E39C4 /* Base */; };
		662C0BCC2C91E7F5006E39C4 /* House.swift in Sources */ = {isa = PBXBuildFile; fileRef = 662C0BCB2C91E7F5006E39C4 /* House.swift */; };
		662C0BCE2C91E8A2006E39C4 /* GOTCharacter.swift in Sources */ = {isa = PBXBuildFile; fileRef = 662C0BCD2C91E8A2006E39C4 /* GOTCharacter.swift */; };
		662C0BD62C91EC73006E39C4 /* FirstViewController.swift in Sources */ = {isa = PBXBuildFile; fileRef = 662C0BD42C91EC73006E39C4 /* FirstViewController.swift */; };
		662C0BD72C91EC73006E39C4 /* FirstViewController.xib in Resources */ = {isa = PBXBuildFile; fileRef = 662C0BD52C91EC73006E39C4 /* FirstViewController.xib */; };
/* End PBXBuildFile section */

/* Begin PBXFileReference section */
		662C0BB32C91E2C8006E39C4 /* Westeros.app */ = {isa = PBXFileReference; explicitFileType = wrapper.application; includeInIndex = 0; path = Westeros.app; sourceTree = BUILT_PRODUCTS_DIR; };
		662C0BB62C91E2C8006E39C4 /* AppDelegate.swift */ = {isa = PBXFileReference; lastKnownFileType = sourcecode.swift; path = AppDelegate.swift; sourceTree = "<group>"; };
		662C0BB82C91E2C8006E39C4 /* SceneDelegate.swift */ = {isa = PBXFileReference; lastKnownFileType = sourcecode.swift; path = SceneDelegate.swift; sourceTree = "<group>"; };
		662C0BBF2C91E2CA006E39C4 /* Assets.xcassets */ = {isa = PBXFileReference; lastKnownFileType = folder.assetcatalog; path = Assets.xcassets; sourceTree = "<group>"; };
		662C0BC22C91E2CA006E39C4 /* Base */ = {isa = PBXFileReference; lastKnownFileType = file.storyboard; name = Base; path = Base.lproj/LaunchScreen.storyboard; sourceTree = "<group>"; };
		662C0BC42C91E2CA006E39C4 /* Info.plist */ = {isa = PBXFileReference; lastKnownFileType = text.plist.xml; path = Info.plist; sourceTree = "<group>"; };
		662C0BCB2C91E7F5006E39C4 /* House.swift */ = {isa = PBXFileReference; lastKnownFileType = sourcecode.swift; path = House.swift; sourceTree = "<group>"; };
		662C0BCD2C91E8A2006E39C4 /* GOTCharacter.swift */ = {isa = PBXFileReference; lastKnownFileType = sourcecode.swift; path = GOTCharacter.swift; sourceTree = "<group>"; };
		662C0BD42C91EC73006E39C4 /* FirstViewController.swift */ = {isa = PBXFileReference; lastKnownFileType = sourcecode.swift; path = FirstViewController.swift; sourceTree = "<group>"; };
		662C0BD52C91EC73006E39C4 /* FirstViewController.xib */ = {isa = PBXFileReference; lastKnownFileType = file.xib; path = FirstViewController.xib; sourceTree = "<group>"; };
/* End PBXFileReference section */

/* Begin PBXFrameworksBuildPhase section */
		662C0BB02C91E2C8006E39C4 /* Frameworks */ = {
			isa = PBXFrameworksBuildPhase;
			buildActionMask = 2147483647;
			files = (
			);
			runOnlyForDeploymentPostprocessing = 0;
		};
/* End PBXFrameworksBuildPhase section */

/* Begin PBXGroup section */
		662C0BAA2C91E2C8006E39C4 = {
			isa = PBXGroup;
			children = (
				662C0BB52C91E2C8006E39C4 /* Westeros */,
				662C0BB42C91E2C8006E39C4 /* Products */,
			);
			sourceTree = "<group>";
		};
		662C0BB42C91E2C8006E39C4 /* Products */ = {
			isa = PBXGroup;
			children = (
				662C0BB32C91E2C8006E39C4 /* Westeros.app */,
			);
			name = Products;
			sourceTree = "<group>";
		};
		662C0BB52C91E2C8006E39C4 /* Westeros */ = {
			isa = PBXGroup;
			children = (
				662C0BCF2C91E8D6006E39C4 /* Presentation */,
				662C0BCA2C91E7D6006E39C4 /* Models */,
				662C0BB62C91E2C8006E39C4 /* AppDelegate.swift */,
				662C0BB82C91E2C8006E39C4 /* SceneDelegate.swift */,
				662C0BBF2C91E2CA006E39C4 /* Assets.xcassets */,
				662C0BC12C91E2CA006E39C4 /* LaunchScreen.storyboard */,
				662C0BC42C91E2CA006E39C4 /* Info.plist */,
			);
			path = Westeros;
			sourceTree = "<group>";
		};
		662C0BCA2C91E7D6006E39C4 /* Models */ = {
			isa = PBXGroup;
			children = (
				662C0BCB2C91E7F5006E39C4 /* House.swift */,
				662C0BCD2C91E8A2006E39C4 /* GOTCharacter.swift */,
			);
			path = Models;
			sourceTree = "<group>";
		};
		662C0BCF2C91E8D6006E39C4 /* Presentation */ = {
			isa = PBXGroup;
			children = (
				662C0BD02C91E8F9006E39C4 /* View */,
				662C0BD12C91E905006E39C4 /* Controller */,
			);
			path = Presentation;
			sourceTree = "<group>";
		};
		662C0BD02C91E8F9006E39C4 /* View */ = {
			isa = PBXGroup;
			children = (
				662C0BD52C91EC73006E39C4 /* FirstViewController.xib */,
			);
			path = View;
			sourceTree = "<group>";
		};
		662C0BD12C91E905006E39C4 /* Controller */ = {
			isa = PBXGroup;
			children = (
				662C0BD42C91EC73006E39C4 /* FirstViewController.swift */,
			);
			path = Controller;
			sourceTree = "<group>";
		};
/* End PBXGroup section */

/* Begin PBXNativeTarget section */
		662C0BB22C91E2C8006E39C4 /* Westeros */ = {
			isa = PBXNativeTarget;
			buildConfigurationList = 662C0BC72C91E2CA006E39C4 /* Build configuration list for PBXNativeTarget "Westeros" */;
			buildPhases = (
				662C0BAF2C91E2C8006E39C4 /* Sources */,
				662C0BB02C91E2C8006E39C4 /* Frameworks */,
				662C0BB12C91E2C8006E39C4 /* Resources */,
			);
			buildRules = (
			);
			dependencies = (
			);
			name = Westeros;
			productName = Westeros;
			productReference = 662C0BB32C91E2C8006E39C4 /* Westeros.app */;
			productType = "com.apple.product-type.application";
		};
/* End PBXNativeTarget section */

/* Begin PBXProject section */
		662C0BAB2C91E2C8006E39C4 /* Project object */ = {
			isa = PBXProject;
			attributes = {
				BuildIndependentTargetsInParallel = 1;
				LastSwiftUpdateCheck = 1540;
				LastUpgradeCheck = 1540;
				TargetAttributes = {
					662C0BB22C91E2C8006E39C4 = {
						CreatedOnToolsVersion = 15.4;
					};
				};
			};
			buildConfigurationList = 662C0BAE2C91E2C8006E39C4 /* Build configuration list for PBXProject "Westeros" */;
			compatibilityVersion = "Xcode 14.0";
			developmentRegion = en;
			hasScannedForEncodings = 0;
			knownRegions = (
				en,
				Base,
			);
			mainGroup = 662C0BAA2C91E2C8006E39C4;
			productRefGroup = 662C0BB42C91E2C8006E39C4 /* Products */;
			projectDirPath = "";
			projectRoot = "";
			targets = (
				662C0BB22C91E2C8006E39C4 /* Westeros */,
			);
		};
/* End PBXProject section */

/* Begin PBXResourcesBuildPhase section */
		662C0BB12C91E2C8006E39C4 /* Resources */ = {
			isa = PBXResourcesBuildPhase;
			buildActionMask = 2147483647;
			files = (
				662C0BC02C91E2CA006E39C4 /* Assets.xcassets in Resources */,
				662C0BC32C91E2CA006E39C4 /* Base in Resources */,
				662C0BD72C91EC73006E39C4 /* FirstViewController.xib in Resources */,
			);
			runOnlyForDeploymentPostprocessing = 0;
		};
/* End PBXResourcesBuildPhase section */

/* Begin PBXSourcesBuildPhase section */
		662C0BAF2C91E2C8006E39C4 /* Sources */ = {
			isa = PBXSourcesBuildPhase;
			buildActionMask = 2147483647;
			files = (
				662C0BB72C91E2C8006E39C4 /* AppDelegate.swift in Sources */,
				662C0BCC2C91E7F5006E39C4 /* House.swift in Sources */,
				662C0BD62C91EC73006E39C4 /* FirstViewController.swift in Sources */,
				662C0BB92C91E2C8006E39C4 /* SceneDelegate.swift in Sources */,
				662C0BCE2C91E8A2006E39C4 /* GOTCharacter.swift in Sources */,
			);
			runOnlyForDeploymentPostprocessing = 0;
		};
/* End PBXSourcesBuildPhase section */

/* Begin PBXVariantGroup section */
		662C0BC12C91E2CA006E39C4 /* LaunchScreen.storyboard */ = {
			isa = PBXVariantGroup;
			children = (
				662C0BC22C91E2CA006E39C4 /* Base */,
			);
			name = LaunchScreen.storyboard;
			sourceTree = "<group>";
		};
/* End PBXVariantGroup section */

/* Begin XCBuildConfiguration section */
		662C0BC52C91E2CA006E39C4 /* Debug */ = {
			isa = XCBuildConfiguration;
			buildSettings = {
				ALWAYS_SEARCH_USER_PATHS = NO;
				ASSETCATALOG_COMPILER_GENERATE_SWIFT_ASSET_SYMBOL_EXTENSIONS = YES;
				CLANG_ANALYZER_NONNULL = YES;
				CLANG_ANALYZER_NUMBER_OBJECT_CONVERSION = YES_AGGRESSIVE;
				CLANG_CXX_LANGUAGE_STANDARD = "gnu++20";
				CLANG_ENABLE_MODULES = YES;
				CLANG_ENABLE_OBJC_ARC = YES;
				CLANG_ENABLE_OBJC_WEAK = YES;
				CLANG_WARN_BLOCK_CAPTURE_AUTORELEASING = YES;
				CLANG_WARN_BOOL_CONVERSION = YES;
				CLANG_WARN_COMMA = YES;
				CLANG_WARN_CONSTANT_CONVERSION = YES;
				CLANG_WARN_DEPRECATED_OBJC_IMPLEMENTATIONS = YES;
				CLANG_WARN_DIRECT_OBJC_ISA_USAGE = YES_ERROR;
				CLANG_WARN_DOCUMENTATION_COMMENTS = YES;
				CLANG_WARN_EMPTY_BODY = YES;
				CLANG_WARN_ENUM_CONVERSION = YES;
				CLANG_WARN_INFINITE_RECURSION = YES;
				CLANG_WARN_INT_CONVERSION = YES;
				CLANG_WARN_NON_LITERAL_NULL_CONVERSION = YES;
				CLANG_WARN_OBJC_IMPLICIT_RETAIN_SELF = YES;
				CLANG_WARN_OBJC_LITERAL_CONVERSION = YES;
				CLANG_WARN_OBJC_ROOT_CLASS = YES_ERROR;
				CLANG_WARN_QUOTED_INCLUDE_IN_FRAMEWORK_HEADER = YES;
				CLANG_WARN_RANGE_LOOP_ANALYSIS = YES;
				CLANG_WARN_STRICT_PROTOTYPES = YES;
				CLANG_WARN_SUSPICIOUS_MOVE = YES;
				CLANG_WARN_UNGUARDED_AVAILABILITY = YES_AGGRESSIVE;
				CLANG_WARN_UNREACHABLE_CODE = YES;
				CLANG_WARN__DUPLICATE_METHOD_MATCH = YES;
				COPY_PHASE_STRIP = NO;
				DEBUG_INFORMATION_FORMAT = dwarf;
				ENABLE_STRICT_OBJC_MSGSEND = YES;
				ENABLE_TESTABILITY = YES;
				ENABLE_USER_SCRIPT_SANDBOXING = YES;
				GCC_C_LANGUAGE_STANDARD = gnu17;
				GCC_DYNAMIC_NO_PIC = NO;
				GCC_NO_COMMON_BLOCKS = YES;
				GCC_OPTIMIZATION_LEVEL = 0;
				GCC_PREPROCESSOR_DEFINITIONS = (
					"DEBUG=1",
					"$(inherited)",
				);
				GCC_WARN_64_TO_32_BIT_CONVERSION = YES;
				GCC_WARN_ABOUT_RETURN_TYPE = YES_ERROR;
				GCC_WARN_UNDECLARED_SELECTOR = YES;
				GCC_WARN_UNINITIALIZED_AUTOS = YES_AGGRESSIVE;
				GCC_WARN_UNUSED_FUNCTION = YES;
				GCC_WARN_UNUSED_VARIABLE = YES;
				IPHONEOS_DEPLOYMENT_TARGET = 17.5;
				LOCALIZATION_PREFERS_STRING_CATALOGS = YES;
				MTL_ENABLE_DEBUG_INFO = INCLUDE_SOURCE;
				MTL_FAST_MATH = YES;
				ONLY_ACTIVE_ARCH = YES;
				SDKROOT = iphoneos;
				SWIFT_ACTIVE_COMPILATION_CONDITIONS = "DEBUG $(inherited)";
				SWIFT_OPTIMIZATION_LEVEL = "-Onone";
			};
			name = Debug;
		};
		662C0BC62C91E2CA006E39C4 /* Release */ = {
			isa = XCBuildConfiguration;
			buildSettings = {
				ALWAYS_SEARCH_USER_PATHS = NO;
				ASSETCATALOG_COMPILER_GENERATE_SWIFT_ASSET_SYMBOL_EXTENSIONS = YES;
				CLANG_ANALYZER_NONNULL = YES;
				CLANG_ANALYZER_NUMBER_OBJECT_CONVERSION = YES_AGGRESSIVE;
				CLANG_CXX_LANGUAGE_STANDARD = "gnu++20";
				CLANG_ENABLE_MODULES = YES;
				CLANG_ENABLE_OBJC_ARC = YES;
				CLANG_ENABLE_OBJC_WEAK = YES;
				CLANG_WARN_BLOCK_CAPTURE_AUTORELEASING = YES;
				CLANG_WARN_BOOL_CONVERSION = YES;
				CLANG_WARN_COMMA = YES;
				CLANG_WARN_CONSTANT_CONVERSION = YES;
				CLANG_WARN_DEPRECATED_OBJC_IMPLEMENTATIONS = YES;
				CLANG_WARN_DIRECT_OBJC_ISA_USAGE = YES_ERROR;
				CLANG_WARN_DOCUMENTATION_COMMENTS = YES;
				CLANG_WARN_EMPTY_BODY = YES;
				CLANG_WARN_ENUM_CONVERSION = YES;
				CLANG_WARN_INFINITE_RECURSION = YES;
				CLANG_WARN_INT_CONVERSION = YES;
				CLANG_WARN_NON_LITERAL_NULL_CONVERSION = YES;
				CLANG_WARN_OBJC_IMPLICIT_RETAIN_SELF = YES;
				CLANG_WARN_OBJC_LITERAL_CONVERSION = YES;
				CLANG_WARN_OBJC_ROOT_CLASS = YES_ERROR;
				CLANG_WARN_QUOTED_INCLUDE_IN_FRAMEWORK_HEADER = YES;
				CLANG_WARN_RANGE_LOOP_ANALYSIS = YES;
				CLANG_WARN_STRICT_PROTOTYPES = YES;
				CLANG_WARN_SUSPICIOUS_MOVE = YES;
				CLANG_WARN_UNGUARDED_AVAILABILITY = YES_AGGRESSIVE;
				CLANG_WARN_UNREACHABLE_CODE = YES;
				CLANG_WARN__DUPLICATE_METHOD_MATCH = YES;
				COPY_PHASE_STRIP = NO;
				DEBUG_INFORMATION_FORMAT = "dwarf-with-dsym";
				ENABLE_NS_ASSERTIONS = NO;
				ENABLE_STRICT_OBJC_MSGSEND = YES;
				ENABLE_USER_SCRIPT_SANDBOXING = YES;
				GCC_C_LANGUAGE_STANDARD = gnu17;
				GCC_NO_COMMON_BLOCKS = YES;
				GCC_WARN_64_TO_32_BIT_CONVERSION = YES;
				GCC_WARN_ABOUT_RETURN_TYPE = YES_ERROR;
				GCC_WARN_UNDECLARED_SELECTOR = YES;
				GCC_WARN_UNINITIALIZED_AUTOS = YES_AGGRESSIVE;
				GCC_WARN_UNUSED_FUNCTION = YES;
				GCC_WARN_UNUSED_VARIABLE = YES;
				IPHONEOS_DEPLOYMENT_TARGET = 17.5;
				LOCALIZATION_PREFERS_STRING_CATALOGS = YES;
				MTL_ENABLE_DEBUG_INFO = NO;
				MTL_FAST_MATH = YES;
				SDKROOT = iphoneos;
				SWIFT_COMPILATION_MODE = wholemodule;
				VALIDATE_PRODUCT = YES;
			};
			name = Release;
		};
		662C0BC82C91E2CA006E39C4 /* Debug */ = {
			isa = XCBuildConfiguration;
			buildSettings = {
				ASSETCATALOG_COMPILER_APPICON_NAME = AppIcon;
				ASSETCATALOG_COMPILER_GLOBAL_ACCENT_COLOR_NAME = AccentColor;
				CODE_SIGN_STYLE = Automatic;
				CURRENT_PROJECT_VERSION = 1;
				DEVELOPMENT_TEAM = 9M98K8Y584;
				GENERATE_INFOPLIST_FILE = YES;
				INFOPLIST_FILE = Westeros/Info.plist;
				INFOPLIST_KEY_UIApplicationSupportsIndirectInputEvents = YES;
				INFOPLIST_KEY_UILaunchStoryboardName = LaunchScreen;
				INFOPLIST_KEY_UISupportedInterfaceOrientations_iPad = "UIInterfaceOrientationPortrait UIInterfaceOrientationPortraitUpsideDown UIInterfaceOrientationLandscapeLeft UIInterfaceOrientationLandscapeRight";
				INFOPLIST_KEY_UISupportedInterfaceOrientations_iPhone = "UIInterfaceOrientationPortrait UIInterfaceOrientationLandscapeLeft UIInterfaceOrientationLandscapeRight";
				LD_RUNPATH_SEARCH_PATHS = (
					"$(inherited)",
					"@executable_path/Frameworks",
				);
				MARKETING_VERSION = 1.0;
				PRODUCT_BUNDLE_IDENTIFIER = herni.rg.Westeros;
				PRODUCT_NAME = "$(TARGET_NAME)";
				SWIFT_EMIT_LOC_STRINGS = YES;
				SWIFT_VERSION = 5.0;
				TARGETED_DEVICE_FAMILY = "1,2";
			};
			name = Debug;
		};
		662C0BC92C91E2CA006E39C4 /* Release */ = {
			isa = XCBuildConfiguration;
			buildSettings = {
				ASSETCATALOG_COMPILER_APPICON_NAME = AppIcon;
				ASSETCATALOG_COMPILER_GLOBAL_ACCENT_COLOR_NAME = AccentColor;
				CODE_SIGN_STYLE = Automatic;
				CURRENT_PROJECT_VERSION = 1;
				DEVELOPMENT_TEAM = 9M98K8Y584;
				GENERATE_INFOPLIST_FILE = YES;
				INFOPLIST_FILE = Westeros/Info.plist;
				INFOPLIST_KEY_UIApplicationSupportsIndirectInputEvents = YES;
				INFOPLIST_KEY_UILaunchStoryboardName = LaunchScreen;
				INFOPLIST_KEY_UISupportedInterfaceOrientations_iPad = "UIInterfaceOrientationPortrait UIInterfaceOrientationPortraitUpsideDown UIInterfaceOrientationLandscapeLeft UIInterfaceOrientationLandscapeRight";
				INFOPLIST_KEY_UISupportedInterfaceOrientations_iPhone = "UIInterfaceOrientationPortrait UIInterfaceOrientationLandscapeLeft UIInterfaceOrientationLandscapeRight";
				LD_RUNPATH_SEARCH_PATHS = (
					"$(inherited)",
					"@executable_path/Frameworks",
				);
				MARKETING_VERSION = 1.0;
				PRODUCT_BUNDLE_IDENTIFIER = herni.rg.Westeros;
				PRODUCT_NAME = "$(TARGET_NAME)";
				SWIFT_EMIT_LOC_STRINGS = YES;
				SWIFT_VERSION = 5.0;
				TARGETED_DEVICE_FAMILY = "1,2";
			};
			name = Release;
		};
/* End XCBuildConfiguration section */

/* Begin XCConfigurationList section */
		662C0BAE2C91E2C8006E39C4 /* Build configuration list for PBXProject "Westeros" */ = {
			isa = XCConfigurationList;
			buildConfigurations = (
				662C0BC52C91E2CA006E39C4 /* Debug */,
				662C0BC62C91E2CA006E39C4 /* Release */,
			);
			defaultConfigurationIsVisible = 0;
			defaultConfigurationName = Release;
		};
		662C0BC72C91E2CA006E39C4 /* Build configuration list for PBXNativeTarget "Westeros" */ = {
			isa = XCConfigurationList;
			buildConfigurations = (
				662C0BC82C91E2CA006E39C4 /* Debug */,
				662C0BC92C91E2CA006E39C4 /* Release */,
			);
			defaultConfigurationIsVisible = 0;
			defaultConfigurationName = Release;
		};
/* End XCConfigurationList section */
	};
	rootObject = 662C0BAB2C91E2C8006E39C4 /* Project object */;
}
